
Microsoft Visual Studio Solution File, Format Version 12.00
# Visual Studio Version 16
VisualStudioVersion = 16.0.30204.135
MinimumVisualStudioVersion = 10.0.40219.1
Project("{FAE04EC0-301F-11D3-BF4B-00C04F79EFBC}") = "FormUI", "FormUI\FormUI.csproj", "{0165B2BC-BEE8-4CCC-B5AC-61DC1E9BAE9C}"
EndProject
Global
	GlobalSection(SolutionConfigurationPlatforms) = preSolution
		Debug|Any CPU = Debug|Any CPU
		Release|Any CPU = Release|Any CPU
	EndGlobalSection
	GlobalSection(ProjectConfigurationPlatforms) = postSolution
		{0165B2BC-BEE8-4CCC-B5AC-61DC1E9BAE9C}.Debug|Any CPU.ActiveCfg = Debug|Any CPU
		{0165B2BC-BEE8-4CCC-B5AC-61DC1E9BAE9C}.Debug|Any CPU.Build.0 = Debug|Any CPU
		{0165B2BC-BEE8-4CCC-B5AC-61DC1E9BAE9C}.Release|Any CPU.ActiveCfg = Release|Any CPU
		{0165B2BC-BEE8-4CCC-B5AC-61DC1E9BAE9C}.Release|Any CPU.Build.0 = Release|Any CPU
	EndGlobalSection
	GlobalSection(SolutionProperties) = preSolution
		HideSolutionNode = FALSE
	EndGlobalSection
	GlobalSection(ExtensibilityGlobals) = postSolution
		SolutionGuid = {091A2058-FB8B-493C-B226-A1E33A50838A}
	EndGlobalSection
EndGlobal
